
Microsoft Visual Studio Solution File, Format Version 12.00
# Visual Studio Version 17
VisualStudioVersion = 17.4.32804.182
MinimumVisualStudioVersion = 10.0.40219.1
Project("{9A19103F-16F7-4668-BE54-9A1E7A4F7556}") = "DisplayResolutionModule", "DisplayResolutionModule\DisplayResolutionModule.csproj", "{650DC448-0FDE-4314-B6C7-F497405EE826}"
EndProject
Project("{FAE04EC0-301F-11D3-BF4B-00C04F79EFBC}") = "DisplayResolutionModuleTests", "DisplayResolutionModuleTests\DisplayResolutionModuleTests.csproj", "{2617A220-6831-451B-9D42-DD58DF6A465F}"
EndProject
Global
	GlobalSection(SolutionConfigurationPlatforms) = preSolution
		Debug|Any CPU = Debug|Any CPU
		Release|Any CPU = Release|Any CPU
	EndGlobalSection
	GlobalSection(ProjectConfigurationPlatforms) = postSolution
		{650DC448-0FDE-4314-B6C7-F497405EE826}.Debug|Any CPU.ActiveCfg = Debug|Any CPU
		{650DC448-0FDE-4314-B6C7-F497405EE826}.Debug|Any CPU.Build.0 = Debug|Any CPU
		{650DC448-0FDE-4314-B6C7-F497405EE826}.Release|Any CPU.ActiveCfg = Release|Any CPU
		{650DC448-0FDE-4314-B6C7-F497405EE826}.Release|Any CPU.Build.0 = Release|Any CPU
		{2617A220-6831-451B-9D42-DD58DF6A465F}.Debug|Any CPU.ActiveCfg = Debug|Any CPU
		{2617A220-6831-451B-9D42-DD58DF6A465F}.Debug|Any CPU.Build.0 = Debug|Any CPU
		{2617A220-6831-451B-9D42-DD58DF6A465F}.Release|Any CPU.ActiveCfg = Release|Any CPU
		{2617A220-6831-451B-9D42-DD58DF6A465F}.Release|Any CPU.Build.0 = Release|Any CPU
	EndGlobalSection
	GlobalSection(SolutionProperties) = preSolution
		HideSolutionNode = FALSE
	EndGlobalSection
	GlobalSection(ExtensibilityGlobals) = postSolution
		SolutionGuid = {5EB4BE03-D077-425E-950E-DC0A8874A623}
	EndGlobalSection
EndGlobal
