
Microsoft Visual Studio Solution File, Format Version 12.00
# Visual Studio Version 17
VisualStudioVersion = 17.0.31808.319
MinimumVisualStudioVersion = 15.0.26124.0
Project("{9A19103F-16F7-4668-BE54-9A1E7A4F7556}") = "OpenApi.Generator.Test", "OpenApi.Generator.Test\OpenApi.Generator.Test.csproj", "{3F72BA20-3830-4D5C-A4BF-3234B8B2EE35}"
EndProject
Project("{9A19103F-16F7-4668-BE54-9A1E7A4F7556}") = "OpenApi.Library", "OpenApi.Library\OpenApi.Library.csproj", "{5409ED29-765E-4D3A-A991-07CB98B02E57}"
EndProject
Project("{9A19103F-16F7-4668-BE54-9A1E7A4F7556}") = "Trementa.OpenApi.Generator", "Trementa.OpenApi.Generator\Trementa.OpenApi.Generator.csproj", "{3C6EE429-0C4D-4CF8-84F3-3A5DCB5625B4}"
EndProject
Project("{9A19103F-16F7-4668-BE54-9A1E7A4F7556}") = "Microsoft.OpenApi", "..\..\..\..\..\..\OpenAPI.NET\src\Microsoft.OpenApi\Microsoft.OpenApi.csproj", "{AD7523B7-F779-433F-86BF-F3EBC6EA8551}"
EndProject
Project("{9A19103F-16F7-4668-BE54-9A1E7A4F7556}") = "Microsoft.OpenApi.Hidi", "..\..\..\..\..\..\OpenAPI.NET\src\Microsoft.OpenApi.Hidi\Microsoft.OpenApi.Hidi.csproj", "{5B6CE551-3FF7-456B-A7CB-C1888D3CE5C6}"
EndProject
Project("{9A19103F-16F7-4668-BE54-9A1E7A4F7556}") = "Microsoft.OpenApi.Readers", "..\..\..\..\..\..\OpenAPI.NET\src\Microsoft.OpenApi.Readers\Microsoft.OpenApi.Readers.csproj", "{1EF67D09-48E6-4D8B-AA9B-B0354AED76F7}"
EndProject
Project("{9A19103F-16F7-4668-BE54-9A1E7A4F7556}") = "Microsoft.OpenApi.Workbench", "..\..\..\..\..\..\OpenAPI.NET\src\Microsoft.OpenApi.Workbench\Microsoft.OpenApi.Workbench.csproj", "{0AAB6DB5-9F31-4E1C-BCC3-D61E8C030742}"
EndProject
Project("{2150E333-8FDC-42A3-9474-1A3956D46DE8}") = "MS.OpenApi", "MS.OpenApi", "{DBDDF27A-0BC3-4C2D-A919-05BA31F86866}"
EndProject
Project("{9A19103F-16F7-4668-BE54-9A1E7A4F7556}") = "Trementa.OpenApi.Templates.CSharp", "Trementa.OpenApi.Templates.CSharp\Trementa.OpenApi.Templates.CSharp.csproj", "{555EC57B-BEB3-4069-A360-C9CFCA1EEE2E}"
EndProject
Project("{9A19103F-16F7-4668-BE54-9A1E7A4F7556}") = "OpenApi.Generator.CSharp", "OpenApi.Generator.CSharp\OpenApi.Generator.CSharp.csproj", "{56D306F3-1F5C-4B00-88D4-3F6F750467B7}"
EndProject
Global
	GlobalSection(SolutionConfigurationPlatforms) = preSolution
		Debug|Any CPU = Debug|Any CPU
		Debug|x64 = Debug|x64
		Debug|x86 = Debug|x86
		Release|Any CPU = Release|Any CPU
		Release|x64 = Release|x64
		Release|x86 = Release|x86
	EndGlobalSection
	GlobalSection(ProjectConfigurationPlatforms) = postSolution
		{3F72BA20-3830-4D5C-A4BF-3234B8B2EE35}.Debug|Any CPU.ActiveCfg = Debug|Any CPU
		{3F72BA20-3830-4D5C-A4BF-3234B8B2EE35}.Debug|Any CPU.Build.0 = Debug|Any CPU
		{3F72BA20-3830-4D5C-A4BF-3234B8B2EE35}.Debug|x64.ActiveCfg = Debug|Any CPU
		{3F72BA20-3830-4D5C-A4BF-3234B8B2EE35}.Debug|x64.Build.0 = Debug|Any CPU
		{3F72BA20-3830-4D5C-A4BF-3234B8B2EE35}.Debug|x86.ActiveCfg = Debug|Any CPU
		{3F72BA20-3830-4D5C-A4BF-3234B8B2EE35}.Debug|x86.Build.0 = Debug|Any CPU
		{3F72BA20-3830-4D5C-A4BF-3234B8B2EE35}.Release|Any CPU.ActiveCfg = Release|Any CPU
		{3F72BA20-3830-4D5C-A4BF-3234B8B2EE35}.Release|x64.ActiveCfg = Release|Any CPU
		{3F72BA20-3830-4D5C-A4BF-3234B8B2EE35}.Release|x64.Build.0 = Release|Any CPU
		{3F72BA20-3830-4D5C-A4BF-3234B8B2EE35}.Release|x86.ActiveCfg = Release|Any CPU
		{3F72BA20-3830-4D5C-A4BF-3234B8B2EE35}.Release|x86.Build.0 = Release|Any CPU
		{5409ED29-765E-4D3A-A991-07CB98B02E57}.Debug|Any CPU.ActiveCfg = Debug|Any CPU
		{5409ED29-765E-4D3A-A991-07CB98B02E57}.Debug|Any CPU.Build.0 = Debug|Any CPU
		{5409ED29-765E-4D3A-A991-07CB98B02E57}.Debug|x64.ActiveCfg = Debug|Any CPU
		{5409ED29-765E-4D3A-A991-07CB98B02E57}.Debug|x64.Build.0 = Debug|Any CPU
		{5409ED29-765E-4D3A-A991-07CB98B02E57}.Debug|x86.ActiveCfg = Debug|Any CPU
		{5409ED29-765E-4D3A-A991-07CB98B02E57}.Debug|x86.Build.0 = Debug|Any CPU
		{5409ED29-765E-4D3A-A991-07CB98B02E57}.Release|Any CPU.ActiveCfg = Release|Any CPU
		{5409ED29-765E-4D3A-A991-07CB98B02E57}.Release|Any CPU.Build.0 = Release|Any CPU
		{5409ED29-765E-4D3A-A991-07CB98B02E57}.Release|x64.ActiveCfg = Release|Any CPU
		{5409ED29-765E-4D3A-A991-07CB98B02E57}.Release|x64.Build.0 = Release|Any CPU
		{5409ED29-765E-4D3A-A991-07CB98B02E57}.Release|x86.ActiveCfg = Release|Any CPU
		{5409ED29-765E-4D3A-A991-07CB98B02E57}.Release|x86.Build.0 = Release|Any CPU
		{3C6EE429-0C4D-4CF8-84F3-3A5DCB5625B4}.Debug|Any CPU.ActiveCfg = Debug|Any CPU
		{3C6EE429-0C4D-4CF8-84F3-3A5DCB5625B4}.Debug|Any CPU.Build.0 = Debug|Any CPU
		{3C6EE429-0C4D-4CF8-84F3-3A5DCB5625B4}.Debug|x64.ActiveCfg = Debug|Any CPU
		{3C6EE429-0C4D-4CF8-84F3-3A5DCB5625B4}.Debug|x64.Build.0 = Debug|Any CPU
		{3C6EE429-0C4D-4CF8-84F3-3A5DCB5625B4}.Debug|x86.ActiveCfg = Debug|Any CPU
		{3C6EE429-0C4D-4CF8-84F3-3A5DCB5625B4}.Debug|x86.Build.0 = Debug|Any CPU
		{3C6EE429-0C4D-4CF8-84F3-3A5DCB5625B4}.Release|Any CPU.ActiveCfg = Release|Any CPU
		{3C6EE429-0C4D-4CF8-84F3-3A5DCB5625B4}.Release|Any CPU.Build.0 = Release|Any CPU
		{3C6EE429-0C4D-4CF8-84F3-3A5DCB5625B4}.Release|x64.ActiveCfg = Release|Any CPU
		{3C6EE429-0C4D-4CF8-84F3-3A5DCB5625B4}.Release|x64.Build.0 = Release|Any CPU
		{3C6EE429-0C4D-4CF8-84F3-3A5DCB5625B4}.Release|x86.ActiveCfg = Release|Any CPU
		{3C6EE429-0C4D-4CF8-84F3-3A5DCB5625B4}.Release|x86.Build.0 = Release|Any CPU
		{AD7523B7-F779-433F-86BF-F3EBC6EA8551}.Debug|Any CPU.ActiveCfg = Debug|Any CPU
		{AD7523B7-F779-433F-86BF-F3EBC6EA8551}.Debug|Any CPU.Build.0 = Debug|Any CPU
		{AD7523B7-F779-433F-86BF-F3EBC6EA8551}.Debug|x64.ActiveCfg = Debug|Any CPU
		{AD7523B7-F779-433F-86BF-F3EBC6EA8551}.Debug|x64.Build.0 = Debug|Any CPU
		{AD7523B7-F779-433F-86BF-F3EBC6EA8551}.Debug|x86.ActiveCfg = Debug|Any CPU
		{AD7523B7-F779-433F-86BF-F3EBC6EA8551}.Debug|x86.Build.0 = Debug|Any CPU
		{AD7523B7-F779-433F-86BF-F3EBC6EA8551}.Release|Any CPU.ActiveCfg = Release|Any CPU
		{AD7523B7-F779-433F-86BF-F3EBC6EA8551}.Release|Any CPU.Build.0 = Release|Any CPU
		{AD7523B7-F779-433F-86BF-F3EBC6EA8551}.Release|x64.ActiveCfg = Release|Any CPU
		{AD7523B7-F779-433F-86BF-F3EBC6EA8551}.Release|x64.Build.0 = Release|Any CPU
		{AD7523B7-F779-433F-86BF-F3EBC6EA8551}.Release|x86.ActiveCfg = Release|Any CPU
		{AD7523B7-F779-433F-86BF-F3EBC6EA8551}.Release|x86.Build.0 = Release|Any CPU
		{5B6CE551-3FF7-456B-A7CB-C1888D3CE5C6}.Debug|Any CPU.ActiveCfg = Debug|Any CPU
		{5B6CE551-3FF7-456B-A7CB-C1888D3CE5C6}.Debug|Any CPU.Build.0 = Debug|Any CPU
		{5B6CE551-3FF7-456B-A7CB-C1888D3CE5C6}.Debug|x64.ActiveCfg = Debug|Any CPU
		{5B6CE551-3FF7-456B-A7CB-C1888D3CE5C6}.Debug|x64.Build.0 = Debug|Any CPU
		{5B6CE551-3FF7-456B-A7CB-C1888D3CE5C6}.Debug|x86.ActiveCfg = Debug|Any CPU
		{5B6CE551-3FF7-456B-A7CB-C1888D3CE5C6}.Debug|x86.Build.0 = Debug|Any CPU
		{5B6CE551-3FF7-456B-A7CB-C1888D3CE5C6}.Release|Any CPU.ActiveCfg = Release|Any CPU
		{5B6CE551-3FF7-456B-A7CB-C1888D3CE5C6}.Release|Any CPU.Build.0 = Release|Any CPU
		{5B6CE551-3FF7-456B-A7CB-C1888D3CE5C6}.Release|x64.ActiveCfg = Release|Any CPU
		{5B6CE551-3FF7-456B-A7CB-C1888D3CE5C6}.Release|x64.Build.0 = Release|Any CPU
		{5B6CE551-3FF7-456B-A7CB-C1888D3CE5C6}.Release|x86.ActiveCfg = Release|Any CPU
		{5B6CE551-3FF7-456B-A7CB-C1888D3CE5C6}.Release|x86.Build.0 = Release|Any CPU
		{1EF67D09-48E6-4D8B-AA9B-B0354AED76F7}.Debug|Any CPU.ActiveCfg = Debug|Any CPU
		{1EF67D09-48E6-4D8B-AA9B-B0354AED76F7}.Debug|Any CPU.Build.0 = Debug|Any CPU
		{1EF67D09-48E6-4D8B-AA9B-B0354AED76F7}.Debug|x64.ActiveCfg = Debug|Any CPU
		{1EF67D09-48E6-4D8B-AA9B-B0354AED76F7}.Debug|x64.Build.0 = Debug|Any CPU
		{1EF67D09-48E6-4D8B-AA9B-B0354AED76F7}.Debug|x86.ActiveCfg = Debug|Any CPU
		{1EF67D09-48E6-4D8B-AA9B-B0354AED76F7}.Debug|x86.Build.0 = Debug|Any CPU
		{1EF67D09-48E6-4D8B-AA9B-B0354AED76F7}.Release|Any CPU.ActiveCfg = Release|Any CPU
		{1EF67D09-48E6-4D8B-AA9B-B0354AED76F7}.Release|Any CPU.Build.0 = Release|Any CPU
		{1EF67D09-48E6-4D8B-AA9B-B0354AED76F7}.Release|x64.ActiveCfg = Release|Any CPU
		{1EF67D09-48E6-4D8B-AA9B-B0354AED76F7}.Release|x64.Build.0 = Release|Any CPU
		{1EF67D09-48E6-4D8B-AA9B-B0354AED76F7}.Release|x86.ActiveCfg = Release|Any CPU
		{1EF67D09-48E6-4D8B-AA9B-B0354AED76F7}.Release|x86.Build.0 = Release|Any CPU
		{0AAB6DB5-9F31-4E1C-BCC3-D61E8C030742}.Debug|Any CPU.ActiveCfg = Debug|Any CPU
		{0AAB6DB5-9F31-4E1C-BCC3-D61E8C030742}.Debug|Any CPU.Build.0 = Debug|Any CPU
		{0AAB6DB5-9F31-4E1C-BCC3-D61E8C030742}.Debug|x64.ActiveCfg = Debug|Any CPU
		{0AAB6DB5-9F31-4E1C-BCC3-D61E8C030742}.Debug|x64.Build.0 = Debug|Any CPU
		{0AAB6DB5-9F31-4E1C-BCC3-D61E8C030742}.Debug|x86.ActiveCfg = Debug|Any CPU
		{0AAB6DB5-9F31-4E1C-BCC3-D61E8C030742}.Debug|x86.Build.0 = Debug|Any CPU
		{0AAB6DB5-9F31-4E1C-BCC3-D61E8C030742}.Release|Any CPU.ActiveCfg = Release|Any CPU
		{0AAB6DB5-9F31-4E1C-BCC3-D61E8C030742}.Release|Any CPU.Build.0 = Release|Any CPU
		{0AAB6DB5-9F31-4E1C-BCC3-D61E8C030742}.Release|x64.ActiveCfg = Release|Any CPU
		{0AAB6DB5-9F31-4E1C-BCC3-D61E8C030742}.Release|x64.Build.0 = Release|Any CPU
		{0AAB6DB5-9F31-4E1C-BCC3-D61E8C030742}.Release|x86.ActiveCfg = Release|Any CPU
		{0AAB6DB5-9F31-4E1C-BCC3-D61E8C030742}.Release|x86.Build.0 = Release|Any CPU
		{555EC57B-BEB3-4069-A360-C9CFCA1EEE2E}.Debug|Any CPU.ActiveCfg = Debug|Any CPU
		{555EC57B-BEB3-4069-A360-C9CFCA1EEE2E}.Debug|Any CPU.Build.0 = Debug|Any CPU
		{555EC57B-BEB3-4069-A360-C9CFCA1EEE2E}.Debug|x64.ActiveCfg = Debug|Any CPU
		{555EC57B-BEB3-4069-A360-C9CFCA1EEE2E}.Debug|x64.Build.0 = Debug|Any CPU
		{555EC57B-BEB3-4069-A360-C9CFCA1EEE2E}.Debug|x86.ActiveCfg = Debug|Any CPU
		{555EC57B-BEB3-4069-A360-C9CFCA1EEE2E}.Debug|x86.Build.0 = Debug|Any CPU
		{555EC57B-BEB3-4069-A360-C9CFCA1EEE2E}.Release|Any CPU.ActiveCfg = Release|Any CPU
		{555EC57B-BEB3-4069-A360-C9CFCA1EEE2E}.Release|Any CPU.Build.0 = Release|Any CPU
		{555EC57B-BEB3-4069-A360-C9CFCA1EEE2E}.Release|x64.ActiveCfg = Release|Any CPU
		{555EC57B-BEB3-4069-A360-C9CFCA1EEE2E}.Release|x64.Build.0 = Release|Any CPU
		{555EC57B-BEB3-4069-A360-C9CFCA1EEE2E}.Release|x86.ActiveCfg = Release|Any CPU
		{555EC57B-BEB3-4069-A360-C9CFCA1EEE2E}.Release|x86.Build.0 = Release|Any CPU
		{56D306F3-1F5C-4B00-88D4-3F6F750467B7}.Debug|Any CPU.ActiveCfg = Debug|Any CPU
		{56D306F3-1F5C-4B00-88D4-3F6F750467B7}.Debug|x64.ActiveCfg = Debug|Any CPU
		{56D306F3-1F5C-4B00-88D4-3F6F750467B7}.Debug|x64.Build.0 = Debug|Any CPU
		{56D306F3-1F5C-4B00-88D4-3F6F750467B7}.Debug|x86.ActiveCfg = Debug|Any CPU
		{56D306F3-1F5C-4B00-88D4-3F6F750467B7}.Debug|x86.Build.0 = Debug|Any CPU
		{56D306F3-1F5C-4B00-88D4-3F6F750467B7}.Release|Any CPU.ActiveCfg = Release|Any CPU
		{56D306F3-1F5C-4B00-88D4-3F6F750467B7}.Release|Any CPU.Build.0 = Release|Any CPU
		{56D306F3-1F5C-4B00-88D4-3F6F750467B7}.Release|x64.ActiveCfg = Release|Any CPU
		{56D306F3-1F5C-4B00-88D4-3F6F750467B7}.Release|x64.Build.0 = Release|Any CPU
		{56D306F3-1F5C-4B00-88D4-3F6F750467B7}.Release|x86.ActiveCfg = Release|Any CPU
		{56D306F3-1F5C-4B00-88D4-3F6F750467B7}.Release|x86.Build.0 = Release|Any CPU
	EndGlobalSection
	GlobalSection(SolutionProperties) = preSolution
		HideSolutionNode = FALSE
	EndGlobalSection
	GlobalSection(NestedProjects) = preSolution
		{AD7523B7-F779-433F-86BF-F3EBC6EA8551} = {DBDDF27A-0BC3-4C2D-A919-05BA31F86866}
		{5B6CE551-3FF7-456B-A7CB-C1888D3CE5C6} = {DBDDF27A-0BC3-4C2D-A919-05BA31F86866}
		{1EF67D09-48E6-4D8B-AA9B-B0354AED76F7} = {DBDDF27A-0BC3-4C2D-A919-05BA31F86866}
		{0AAB6DB5-9F31-4E1C-BCC3-D61E8C030742} = {DBDDF27A-0BC3-4C2D-A919-05BA31F86866}
	EndGlobalSection
	GlobalSection(ExtensibilityGlobals) = postSolution
		SolutionGuid = {BFC7B810-A5D8-4EED-8C44-4BE65662821B}
	EndGlobalSection
EndGlobal
